
Microsoft Visual Studio Solution File, Format Version 12.00
# Visual Studio Version 16
VisualStudioVersion = 16.0.31205.134
MinimumVisualStudioVersion = 10.0.40219.1
Project("{9A19103F-16F7-4668-BE54-9A1E7A4F7556}") = "NetfritzServices.CadastroService", "NetfritzServices.CadastroService\NetfritzServices.CadastroService.csproj", "{EB41D78F-1622-400E-A54D-6E44131023E4}"
EndProject
Project("{9A19103F-16F7-4668-BE54-9A1E7A4F7556}") = "NetfritzServices.FitasService", "NetfritzServices.FitasService\NetfritzServices.FitasService.csproj", "{82BE997A-617B-40CB-AF6C-8DA9DB52DD6A}"
EndProject
Project("{FAE04EC0-301F-11D3-BF4B-00C04F79EFBC}") = "NetfritzServices.ComprasServices", "NetfritzServices.ComprasServices\NetfritzServices.ComprasServices.csproj", "{84B02353-EA7B-48BB-8C08-1675F0FF315F}"
EndProject
Global
	GlobalSection(SolutionConfigurationPlatforms) = preSolution
		Debug|Any CPU = Debug|Any CPU
		Release|Any CPU = Release|Any CPU
	EndGlobalSection
	GlobalSection(ProjectConfigurationPlatforms) = postSolution
		{EB41D78F-1622-400E-A54D-6E44131023E4}.Debug|Any CPU.ActiveCfg = Debug|Any CPU
		{EB41D78F-1622-400E-A54D-6E44131023E4}.Debug|Any CPU.Build.0 = Debug|Any CPU
		{EB41D78F-1622-400E-A54D-6E44131023E4}.Release|Any CPU.ActiveCfg = Release|Any CPU
		{EB41D78F-1622-400E-A54D-6E44131023E4}.Release|Any CPU.Build.0 = Release|Any CPU
		{82BE997A-617B-40CB-AF6C-8DA9DB52DD6A}.Debug|Any CPU.ActiveCfg = Debug|Any CPU
		{82BE997A-617B-40CB-AF6C-8DA9DB52DD6A}.Debug|Any CPU.Build.0 = Debug|Any CPU
		{82BE997A-617B-40CB-AF6C-8DA9DB52DD6A}.Release|Any CPU.ActiveCfg = Release|Any CPU
		{82BE997A-617B-40CB-AF6C-8DA9DB52DD6A}.Release|Any CPU.Build.0 = Release|Any CPU
		{84B02353-EA7B-48BB-8C08-1675F0FF315F}.Debug|Any CPU.ActiveCfg = Debug|Any CPU
		{84B02353-EA7B-48BB-8C08-1675F0FF315F}.Debug|Any CPU.Build.0 = Debug|Any CPU
		{84B02353-EA7B-48BB-8C08-1675F0FF315F}.Release|Any CPU.ActiveCfg = Release|Any CPU
		{84B02353-EA7B-48BB-8C08-1675F0FF315F}.Release|Any CPU.Build.0 = Release|Any CPU
	EndGlobalSection
	GlobalSection(SolutionProperties) = preSolution
		HideSolutionNode = FALSE
	EndGlobalSection
	GlobalSection(ExtensibilityGlobals) = postSolution
		SolutionGuid = {CEBFD2FD-38FE-4B7B-873D-A6575D5E8777}
	EndGlobalSection
EndGlobal
